[[tools.bat]]
version = "0.26.1"
backend = "cargo:bat"

[[tools.bun]]
version = "1.3.5"
backend = "core:bun"
"platforms.linux-arm64" = { checksum = "sha256:ed01000f85bd97785228ad2845dc92a1860b8054856826d7317690ac8f8ee74b", url = "https://github.com/oven-sh/bun/releases/download/bun-v1.3.5/bun-linux-aarch64.zip"}
"platforms.linux-arm64-musl" = { checksum = "sha256:980b567beeca875b79776d60a35b178309583df3f0973b3bae62f7244dc486ad", url = "https://github.com/oven-sh/bun/releases/download/bun-v1.3.5/bun-linux-aarch64-musl.zip"}
"platforms.linux-x64" = { checksum = "sha256:7051d86a924aefea3e0b96213b5fd8f79c0793f9cae6534233e627e5c3db4669", url = "https://github.com/oven-sh/bun/releases/download/bun-v1.3.5/bun-linux-x64.zip"}
"platforms.linux-x64-baseline" = { checksum = "sha256:6bddacd6a65855698b9816f2d74871eda4dd0b7fa921140c6445248f94a742fd", url = "https://github.com/oven-sh/bun/releases/download/bun-v1.3.5/bun-linux-x64-baseline.zip"}
"platforms.linux-x64-musl" = { checksum = "sha256:720d88e0e5f40450a1da91c0226f626b156eaa224876d794fa95f6ebf74f46b6", url = "https://github.com/oven-sh/bun/releases/download/bun-v1.3.5/bun-linux-x64-musl.zip"}
"platforms.linux-x64-musl-baseline" = { checksum = "sha256:57997319f8b9f72ce137363c3dfcd8d401327925108bb30dc5c3257452fba524", url = "https://github.com/oven-sh/bun/releases/download/bun-v1.3.5/bun-linux-x64-musl-baseline.zip"}
"platforms.macos-arm64" = { checksum = "sha256:db17588a4aea8804856825d4bead3f05e1f37276ca606f37e369b4f72f35d3fb", url = "https://github.com/oven-sh/bun/releases/download/bun-v1.3.5/bun-darwin-aarch64.zip"}
"platforms.macos-x64" = { checksum = "sha256:f5ffc03030fe527a86295fb5852bb08c5e99b707560011d1d509ab028902bf29", url = "https://github.com/oven-sh/bun/releases/download/bun-v1.3.5/bun-darwin-x64.zip"}
"platforms.macos-x64-baseline" = { checksum = "sha256:34b9a56b851058dafa1bc9d61233f2c383aa996889bba30b3180f5ccc2cff1b2", url = "https://github.com/oven-sh/bun/releases/download/bun-v1.3.5/bun-darwin-x64-baseline.zip"}
"platforms.windows-x64" = { checksum = "sha256:922cffdd5143cd118c6ccec6a61dfcf5d69e0068b048ea00f0a0615016530082", url = "https://github.com/oven-sh/bun/releases/download/bun-v1.3.5/bun-windows-x64.zip"}
"platforms.windows-x64-baseline" = { checksum = "sha256:bf447dcc3b06aba9b9706a9db46fcd65e06a4d47d31439922313825d06eb47ca", url = "https://github.com/oven-sh/bun/releases/download/bun-v1.3.5/bun-windows-x64-baseline.zip"}

[[tools.chezmoi]]
version = "2.68.1"
backend = "aqua:twpayne/chezmoi"
"platforms.linux-arm64" = { checksum = "sha256:057ab9ba1b0aa0615eadab1b25771ac1c837d79a4d60ace86296e4c8e2eae586", url = "https://github.com/twpayne/chezmoi/releases/download/v2.68.1/chezmoi_2.68.1_linux_arm64.pkg.tar.zst"}
"platforms.linux-arm64-musl" = { checksum = "sha256:057ab9ba1b0aa0615eadab1b25771ac1c837d79a4d60ace86296e4c8e2eae586", url = "https://github.com/twpayne/chezmoi/releases/download/v2.68.1/chezmoi_2.68.1_linux_arm64.pkg.tar.zst"}
"platforms.linux-x64" = { checksum = "sha256:3013e9d8d5eeab832b28bc87c8666efddecfc0fe9a1c6597368d940498022fe1", url = "https://github.com/twpayne/chezmoi/releases/download/v2.68.1/chezmoi_2.68.1_linux-glibc_amd64.tar.gz"}
"platforms.linux-x64-baseline" = { checksum = "sha256:3013e9d8d5eeab832b28bc87c8666efddecfc0fe9a1c6597368d940498022fe1", url = "https://github.com/twpayne/chezmoi/releases/download/v2.68.1/chezmoi_2.68.1_linux-glibc_amd64.tar.gz"}
"platforms.linux-x64-musl" = { checksum = "sha256:3013e9d8d5eeab832b28bc87c8666efddecfc0fe9a1c6597368d940498022fe1", url = "https://github.com/twpayne/chezmoi/releases/download/v2.68.1/chezmoi_2.68.1_linux-glibc_amd64.tar.gz"}
"platforms.linux-x64-musl-baseline" = { checksum = "sha256:3013e9d8d5eeab832b28bc87c8666efddecfc0fe9a1c6597368d940498022fe1", url = "https://github.com/twpayne/chezmoi/releases/download/v2.68.1/chezmoi_2.68.1_linux-glibc_amd64.tar.gz"}
"platforms.macos-arm64" = { checksum = "sha256:4d5f98464382a29cb717b9fc39fce720d451f996181a15dd0dc6ca16305dacef", url = "https://github.com/twpayne/chezmoi/releases/download/v2.68.1/chezmoi_2.68.1_darwin_arm64.tar.gz"}
"platforms.macos-x64" = { checksum = "sha256:c40fe3eb799154ebc126e806e3cb037eff93f9b5e05d4c295d565291db670b10", url = "https://github.com/twpayne/chezmoi/releases/download/v2.68.1/chezmoi_2.68.1_darwin_amd64.tar.gz"}
"platforms.macos-x64-baseline" = { checksum = "sha256:c40fe3eb799154ebc126e806e3cb037eff93f9b5e05d4c295d565291db670b10", url = "https://github.com/twpayne/chezmoi/releases/download/v2.68.1/chezmoi_2.68.1_darwin_amd64.tar.gz"}
"platforms.windows-x64" = { checksum = "sha256:a48169627572aeeaf7a46ab0d30906f3786ab84235adf5819850c65762aef3b1", url = "https://github.com/twpayne/chezmoi/releases/download/v2.68.1/chezmoi_2.68.1_windows_amd64.zip"}
"platforms.windows-x64-baseline" = { checksum = "sha256:a48169627572aeeaf7a46ab0d30906f3786ab84235adf5819850c65762aef3b1", url = "https://github.com/twpayne/chezmoi/releases/download/v2.68.1/chezmoi_2.68.1_windows_amd64.zip"}

[[tools.docling]]
version = "2.65.0"
backend = "pipx:docling"

[[tools.fastfetch]]
version = "2.56.1"
backend = "aqua:fastfetch-cli/fastfetch"
"platforms.linux-arm64" = { checksum = "sha256:e9961b019d4c5788c70c0396751872f62869549e8173d0eba249f360870aef59", url = "https://github.com/fastfetch-cli/fastfetch/releases/download/2.56.1/fastfetch-linux-aarch64.tar.gz"}
"platforms.linux-arm64-musl" = { checksum = "sha256:e9961b019d4c5788c70c0396751872f62869549e8173d0eba249f360870aef59", url = "https://github.com/fastfetch-cli/fastfetch/releases/download/2.56.1/fastfetch-linux-aarch64.tar.gz"}
"platforms.linux-x64" = { checksum = "sha256:a302617c180c980a63f3e89aa5d82e791c751409a7d552fb57cbd04e3d61d4fa", url = "https://github.com/fastfetch-cli/fastfetch/releases/download/2.56.1/fastfetch-linux-amd64.tar.gz"}
"platforms.linux-x64-baseline" = { checksum = "sha256:a302617c180c980a63f3e89aa5d82e791c751409a7d552fb57cbd04e3d61d4fa", url = "https://github.com/fastfetch-cli/fastfetch/releases/download/2.56.1/fastfetch-linux-amd64.tar.gz"}
"platforms.linux-x64-musl" = { checksum = "sha256:a302617c180c980a63f3e89aa5d82e791c751409a7d552fb57cbd04e3d61d4fa", url = "https://github.com/fastfetch-cli/fastfetch/releases/download/2.56.1/fastfetch-linux-amd64.tar.gz"}
"platforms.linux-x64-musl-baseline" = { checksum = "sha256:a302617c180c980a63f3e89aa5d82e791c751409a7d552fb57cbd04e3d61d4fa", url = "https://github.com/fastfetch-cli/fastfetch/releases/download/2.56.1/fastfetch-linux-amd64.tar.gz"}
"platforms.macos-arm64" = { checksum = "sha256:4880416674d6cedbed1656c91aaf105a8e23388f4c9498fdd87cd5d0b2e4e6ae", url = "https://github.com/fastfetch-cli/fastfetch/releases/download/2.56.1/fastfetch-macos-aarch64.tar.gz"}
"platforms.macos-x64" = { checksum = "sha256:9fe23f69d07651c572f829e6c3b744201a3a6e380086aa7cb3532bd9840e9664", url = "https://github.com/fastfetch-cli/fastfetch/releases/download/2.56.1/fastfetch-macos-amd64.tar.gz"}
"platforms.macos-x64-baseline" = { checksum = "sha256:9fe23f69d07651c572f829e6c3b744201a3a6e380086aa7cb3532bd9840e9664", url = "https://github.com/fastfetch-cli/fastfetch/releases/download/2.56.1/fastfetch-macos-amd64.tar.gz"}
"platforms.windows-x64" = { checksum = "sha256:e8be5dd22f96b4d23ab8fcd64396f40114dbd7aa0a1a0c4dcc7442a63efac7e6", url = "https://github.com/fastfetch-cli/fastfetch/releases/download/2.56.1/fastfetch-windows-amd64.zip"}
"platforms.windows-x64-baseline" = { checksum = "sha256:e8be5dd22f96b4d23ab8fcd64396f40114dbd7aa0a1a0c4dcc7442a63efac7e6", url = "https://github.com/fastfetch-cli/fastfetch/releases/download/2.56.1/fastfetch-windows-amd64.zip"}

[[tools.fzf]]
version = "0.67.0"
backend = "aqua:junegunn/fzf"
"platforms.linux-arm64" = { checksum = "sha256:7071f48c2ac0f2bc992d6d33cc36fd675a579a98cc976dda699eea07dd5e9c58", url = "https://github.com/junegunn/fzf/releases/download/v0.67.0/fzf-0.67.0-linux_arm64.tar.gz"}
"platforms.linux-arm64-musl" = { checksum = "sha256:7071f48c2ac0f2bc992d6d33cc36fd675a579a98cc976dda699eea07dd5e9c58", url = "https://github.com/junegunn/fzf/releases/download/v0.67.0/fzf-0.67.0-linux_arm64.tar.gz"}
"platforms.linux-x64" = { checksum = "sha256:4be08018ca37b32518c608741933ea335a406de3558242b60619e98f25be2be1", url = "https://github.com/junegunn/fzf/releases/download/v0.67.0/fzf-0.67.0-linux_amd64.tar.gz"}
"platforms.linux-x64-baseline" = { checksum = "sha256:4be08018ca37b32518c608741933ea335a406de3558242b60619e98f25be2be1", url = "https://github.com/junegunn/fzf/releases/download/v0.67.0/fzf-0.67.0-linux_amd64.tar.gz"}
"platforms.linux-x64-musl" = { checksum = "sha256:4be08018ca37b32518c608741933ea335a406de3558242b60619e98f25be2be1", url = "https://github.com/junegunn/fzf/releases/download/v0.67.0/fzf-0.67.0-linux_amd64.tar.gz"}
"platforms.linux-x64-musl-baseline" = { checksum = "sha256:4be08018ca37b32518c608741933ea335a406de3558242b60619e98f25be2be1", url = "https://github.com/junegunn/fzf/releases/download/v0.67.0/fzf-0.67.0-linux_amd64.tar.gz"}
"platforms.macos-arm64" = { checksum = "sha256:b7f34c964d8e52c471c933cef8ec43dc71997c266cafafd1b013bed10fc229a1", url = "https://github.com/junegunn/fzf/releases/download/v0.67.0/fzf-0.67.0-darwin_arm64.tar.gz"}
"platforms.macos-x64" = { checksum = "sha256:88dc853e0914793a2e7be0d1acfe6c922d9ccad08e3302df092399775b0279ff", url = "https://github.com/junegunn/fzf/releases/download/v0.67.0/fzf-0.67.0-darwin_amd64.tar.gz"}
"platforms.macos-x64-baseline" = { checksum = "sha256:88dc853e0914793a2e7be0d1acfe6c922d9ccad08e3302df092399775b0279ff", url = "https://github.com/junegunn/fzf/releases/download/v0.67.0/fzf-0.67.0-darwin_amd64.tar.gz"}
"platforms.windows-x64" = { checksum = "sha256:cad95326ed416d14226a03425513b049f5bc9a41f30a355e5fe204a29e666867", url = "https://github.com/junegunn/fzf/releases/download/v0.67.0/fzf-0.67.0-windows_amd64.zip"}
"platforms.windows-x64-baseline" = { checksum = "sha256:cad95326ed416d14226a03425513b049f5bc9a41f30a355e5fe204a29e666867", url = "https://github.com/junegunn/fzf/releases/download/v0.67.0/fzf-0.67.0-windows_amd64.zip"}

[[tools.gemini]]
version = "0.21.3"
backend = "npm:@google/gemini-cli"

[[tools.gh]]
version = "2.83.2"
backend = "aqua:cli/cli"
"platforms.linux-arm64" = { checksum = "sha256:b1a0c0a0fcf18524e36996caddc92a062355ed014defc836203fe20fba75a38e", url = "https://github.com/cli/cli/releases/download/v2.83.2/gh_2.83.2_linux_arm64.tar.gz"}
"platforms.linux-arm64-musl" = { checksum = "sha256:b1a0c0a0fcf18524e36996caddc92a062355ed014defc836203fe20fba75a38e", url = "https://github.com/cli/cli/releases/download/v2.83.2/gh_2.83.2_linux_arm64.tar.gz"}
"platforms.linux-x64" = { checksum = "sha256:ca6e7641214fbd0e21429cec4b64a7ba626fd946d8f9d6d191467545b092015e", url = "https://github.com/cli/cli/releases/download/v2.83.2/gh_2.83.2_linux_amd64.tar.gz"}
"platforms.linux-x64-baseline" = { checksum = "sha256:ca6e7641214fbd0e21429cec4b64a7ba626fd946d8f9d6d191467545b092015e", url = "https://github.com/cli/cli/releases/download/v2.83.2/gh_2.83.2_linux_amd64.tar.gz"}
"platforms.linux-x64-musl" = { checksum = "sha256:ca6e7641214fbd0e21429cec4b64a7ba626fd946d8f9d6d191467545b092015e", url = "https://github.com/cli/cli/releases/download/v2.83.2/gh_2.83.2_linux_amd64.tar.gz"}
"platforms.linux-x64-musl-baseline" = { checksum = "sha256:ca6e7641214fbd0e21429cec4b64a7ba626fd946d8f9d6d191467545b092015e", url = "https://github.com/cli/cli/releases/download/v2.83.2/gh_2.83.2_linux_amd64.tar.gz"}
"platforms.macos-arm64" = { checksum = "sha256:ba3e0396ebbc8da17256144ddda503e4e79c8b502166335569f8390d6b75fa8d", url = "https://github.com/cli/cli/releases/download/v2.83.2/gh_2.83.2_macOS_arm64.zip"}
"platforms.macos-x64" = { checksum = "sha256:6f1712519ccc768946791dc97da407bf188582345b73fef3d604d050ebf6f614", url = "https://github.com/cli/cli/releases/download/v2.83.2/gh_2.83.2_macOS_amd64.zip"}
"platforms.macos-x64-baseline" = { checksum = "sha256:6f1712519ccc768946791dc97da407bf188582345b73fef3d604d050ebf6f614", url = "https://github.com/cli/cli/releases/download/v2.83.2/gh_2.83.2_macOS_amd64.zip"}
"platforms.windows-x64" = { checksum = "sha256:b95bf2d953e3bf497bb2c0aed97ffcc5ed8471b80f0920d663a92a6111f05135", url = "https://github.com/cli/cli/releases/download/v2.83.2/gh_2.83.2_windows_amd64.zip"}
"platforms.windows-x64-baseline" = { checksum = "sha256:b95bf2d953e3bf497bb2c0aed97ffcc5ed8471b80f0920d663a92a6111f05135", url = "https://github.com/cli/cli/releases/download/v2.83.2/gh_2.83.2_windows_amd64.zip"}

[[tools.ghq]]
version = "1.8.0"
backend = "aqua:x-motemen/ghq"
"platforms.linux-arm64" = { checksum = "sha1:e5a73c5f4785d798a66b10419ab7b43b8525a7e4", url = "https://github.com/x-motemen/ghq/releases/download/v1.8.0/ghq_linux_arm64.zip"}
"platforms.linux-arm64-musl" = { checksum = "sha1:e5a73c5f4785d798a66b10419ab7b43b8525a7e4", url = "https://github.com/x-motemen/ghq/releases/download/v1.8.0/ghq_linux_arm64.zip"}
"platforms.linux-x64" = { checksum = "sha1:f38219ddbc6ef6febd75556902eee4759bad07c3", url = "https://github.com/x-motemen/ghq/releases/download/v1.8.0/ghq_linux_amd64.zip"}
"platforms.linux-x64-baseline" = { checksum = "sha1:f38219ddbc6ef6febd75556902eee4759bad07c3", url = "https://github.com/x-motemen/ghq/releases/download/v1.8.0/ghq_linux_amd64.zip"}
"platforms.linux-x64-musl" = { checksum = "sha1:f38219ddbc6ef6febd75556902eee4759bad07c3", url = "https://github.com/x-motemen/ghq/releases/download/v1.8.0/ghq_linux_amd64.zip"}
"platforms.linux-x64-musl-baseline" = { checksum = "sha1:f38219ddbc6ef6febd75556902eee4759bad07c3", url = "https://github.com/x-motemen/ghq/releases/download/v1.8.0/ghq_linux_amd64.zip"}
"platforms.macos-arm64" = { checksum = "sha1:6fd6333348fdaf78dfbbe36cec168f3e656a63c8", url = "https://github.com/x-motemen/ghq/releases/download/v1.8.0/ghq_darwin_arm64.zip"}
"platforms.macos-x64" = { checksum = "sha1:f50a794201bac18df1ac8d00e863e9635576aa94", url = "https://github.com/x-motemen/ghq/releases/download/v1.8.0/ghq_darwin_amd64.zip"}
"platforms.macos-x64-baseline" = { checksum = "sha1:f50a794201bac18df1ac8d00e863e9635576aa94", url = "https://github.com/x-motemen/ghq/releases/download/v1.8.0/ghq_darwin_amd64.zip"}
"platforms.windows-x64" = { checksum = "sha1:008a7afb65de5490506b2786926aca77e2cf53bc", url = "https://github.com/x-motemen/ghq/releases/download/v1.8.0/ghq_windows_amd64.zip"}
"platforms.windows-x64-baseline" = { checksum = "sha1:008a7afb65de5490506b2786926aca77e2cf53bc", url = "https://github.com/x-motemen/ghq/releases/download/v1.8.0/ghq_windows_amd64.zip"}

[[tools.go]]
version = "1.25.5"
backend = "core:go"
"platforms.linux-arm64" = { checksum = "sha256:b00b694903d126c588c378e72d3545549935d3982635ba3f7a964c9fa23fe3b9", url = "https://dl.google.com/go/go1.25.5.linux-arm64.tar.gz"}
"platforms.linux-arm64-musl" = { checksum = "sha256:b00b694903d126c588c378e72d3545549935d3982635ba3f7a964c9fa23fe3b9", url = "https://dl.google.com/go/go1.25.5.linux-arm64.tar.gz"}
"platforms.linux-x64" = { checksum = "sha256:9e9b755d63b36acf30c12a9a3fc379243714c1c6d3dd72861da637f336ebb35b", url = "https://dl.google.com/go/go1.25.5.linux-amd64.tar.gz"}
"platforms.linux-x64-baseline" = { checksum = "sha256:9e9b755d63b36acf30c12a9a3fc379243714c1c6d3dd72861da637f336ebb35b", url = "https://dl.google.com/go/go1.25.5.linux-amd64.tar.gz"}
"platforms.linux-x64-musl" = { checksum = "sha256:9e9b755d63b36acf30c12a9a3fc379243714c1c6d3dd72861da637f336ebb35b", url = "https://dl.google.com/go/go1.25.5.linux-amd64.tar.gz"}
"platforms.linux-x64-musl-baseline" = { checksum = "sha256:9e9b755d63b36acf30c12a9a3fc379243714c1c6d3dd72861da637f336ebb35b", url = "https://dl.google.com/go/go1.25.5.linux-amd64.tar.gz"}
"platforms.macos-arm64" = { checksum = "sha256:bed8ebe824e3d3b27e8471d1307f803fc6ab8e1d0eb7a4ae196979bd9b801dd3", url = "https://dl.google.com/go/go1.25.5.darwin-arm64.tar.gz"}
"platforms.macos-x64" = { checksum = "sha256:b69d51bce599e5381a94ce15263ae644ec84667a5ce23d58dc2e63e2c12a9f56", url = "https://dl.google.com/go/go1.25.5.darwin-amd64.tar.gz"}
"platforms.macos-x64-baseline" = { checksum = "sha256:b69d51bce599e5381a94ce15263ae644ec84667a5ce23d58dc2e63e2c12a9f56", url = "https://dl.google.com/go/go1.25.5.darwin-amd64.tar.gz"}
"platforms.windows-x64" = { checksum = "sha256:ae756cce1cb80c819b4fe01b0353807178f532211b47f72d7fa77949de054ebb", url = "https://dl.google.com/go/go1.25.5.windows-amd64.zip"}
"platforms.windows-x64-baseline" = { checksum = "sha256:ae756cce1cb80c819b4fe01b0353807178f532211b47f72d7fa77949de054ebb", url = "https://dl.google.com/go/go1.25.5.windows-amd64.zip"}

[[tools.hyperfine]]
version = "1.20.0"
backend = "cargo:hyperfine"

[[tools.lazygit]]
version = "0.57.0"
backend = "aqua:jesseduffield/lazygit"
"platforms.linux-arm64" = { checksum = "sha256:6bc14dcfafe943363226ed2a2c222d5dda68247acc9bdc382d129dd7fe98f985", url = "https://github.com/jesseduffield/lazygit/releases/download/v0.57.0/lazygit_0.57.0_linux_arm64.tar.gz"}
"platforms.linux-arm64-musl" = { checksum = "sha256:6bc14dcfafe943363226ed2a2c222d5dda68247acc9bdc382d129dd7fe98f985", url = "https://github.com/jesseduffield/lazygit/releases/download/v0.57.0/lazygit_0.57.0_linux_arm64.tar.gz"}
"platforms.linux-x64" = { checksum = "sha256:ced011ecd1459d069c66128fbf172b7248c8b99d8983fa17d84a247a98146d5e", url = "https://github.com/jesseduffield/lazygit/releases/download/v0.57.0/lazygit_0.57.0_linux_x86_64.tar.gz"}
"platforms.linux-x64-baseline" = { checksum = "sha256:ced011ecd1459d069c66128fbf172b7248c8b99d8983fa17d84a247a98146d5e", url = "https://github.com/jesseduffield/lazygit/releases/download/v0.57.0/lazygit_0.57.0_linux_x86_64.tar.gz"}
"platforms.linux-x64-musl" = { checksum = "sha256:ced011ecd1459d069c66128fbf172b7248c8b99d8983fa17d84a247a98146d5e", url = "https://github.com/jesseduffield/lazygit/releases/download/v0.57.0/lazygit_0.57.0_linux_x86_64.tar.gz"}
"platforms.linux-x64-musl-baseline" = { checksum = "sha256:ced011ecd1459d069c66128fbf172b7248c8b99d8983fa17d84a247a98146d5e", url = "https://github.com/jesseduffield/lazygit/releases/download/v0.57.0/lazygit_0.57.0_linux_x86_64.tar.gz"}
"platforms.macos-arm64" = { checksum = "sha256:e90dd90c37bb012f1fe708e7f3d32d28747c8638c75a45268734c5e33277c3d0", url = "https://github.com/jesseduffield/lazygit/releases/download/v0.57.0/lazygit_0.57.0_darwin_arm64.tar.gz"}
"platforms.macos-x64" = { checksum = "sha256:c34dd41ba01007b3684fd84761f7103dba4af087785200fa1d355a253acd31a2", url = "https://github.com/jesseduffield/lazygit/releases/download/v0.57.0/lazygit_0.57.0_darwin_x86_64.tar.gz"}
"platforms.macos-x64-baseline" = { checksum = "sha256:c34dd41ba01007b3684fd84761f7103dba4af087785200fa1d355a253acd31a2", url = "https://github.com/jesseduffield/lazygit/releases/download/v0.57.0/lazygit_0.57.0_darwin_x86_64.tar.gz"}
"platforms.windows-x64" = { checksum = "sha256:775a210b3becd262a067d75be33d3d0ecd58cbc2dde3a36ca74e4757b080618c", url = "https://github.com/jesseduffield/lazygit/releases/download/v0.57.0/lazygit_0.57.0_windows_x86_64.zip"}
"platforms.windows-x64-baseline" = { checksum = "sha256:775a210b3becd262a067d75be33d3d0ecd58cbc2dde3a36ca74e4757b080618c", url = "https://github.com/jesseduffield/lazygit/releases/download/v0.57.0/lazygit_0.57.0_windows_x86_64.zip"}

[[tools.lefthook]]
version = "2.0.12"
backend = "aqua:evilmartians/lefthook"
"platforms.linux-arm64" = { checksum = "sha256:4405c0c936c2209202107b4f78a7fe7451f0b4c35ed41ba874901c89fc9d6466", url = "https://github.com/evilmartians/lefthook/releases/download/v2.0.12/lefthook_2.0.12_Linux_aarch64.gz"}
"platforms.linux-arm64-musl" = { checksum = "sha256:4405c0c936c2209202107b4f78a7fe7451f0b4c35ed41ba874901c89fc9d6466", url = "https://github.com/evilmartians/lefthook/releases/download/v2.0.12/lefthook_2.0.12_Linux_aarch64.gz"}
"platforms.linux-x64" = { checksum = "sha256:6faaf1bdfcb3f654fc236b76872aeb6d8258cf0a2a5793ddafeac7ed8527bd14", url = "https://github.com/evilmartians/lefthook/releases/download/v2.0.12/lefthook_2.0.12_Linux_x86_64.gz"}
"platforms.linux-x64-baseline" = { checksum = "sha256:6faaf1bdfcb3f654fc236b76872aeb6d8258cf0a2a5793ddafeac7ed8527bd14", url = "https://github.com/evilmartians/lefthook/releases/download/v2.0.12/lefthook_2.0.12_Linux_x86_64.gz"}
"platforms.linux-x64-musl" = { checksum = "sha256:6faaf1bdfcb3f654fc236b76872aeb6d8258cf0a2a5793ddafeac7ed8527bd14", url = "https://github.com/evilmartians/lefthook/releases/download/v2.0.12/lefthook_2.0.12_Linux_x86_64.gz"}
"platforms.linux-x64-musl-baseline" = { checksum = "sha256:6faaf1bdfcb3f654fc236b76872aeb6d8258cf0a2a5793ddafeac7ed8527bd14", url = "https://github.com/evilmartians/lefthook/releases/download/v2.0.12/lefthook_2.0.12_Linux_x86_64.gz"}
"platforms.macos-arm64" = { checksum = "sha256:9aa9461773162ddbd2aa64750d521d3381bcc1f4f78a012c4f05e7b20f1cb1ce", url = "https://github.com/evilmartians/lefthook/releases/download/v2.0.12/lefthook_2.0.12_MacOS_arm64.gz"}
"platforms.macos-x64" = { checksum = "sha256:8c62194853bf74aacdb6a13f16b74b384c97cb8a0d11a7f29ca1e1e40ea506e8", url = "https://github.com/evilmartians/lefthook/releases/download/v2.0.12/lefthook_2.0.12_MacOS_x86_64.gz"}
"platforms.macos-x64-baseline" = { checksum = "sha256:8c62194853bf74aacdb6a13f16b74b384c97cb8a0d11a7f29ca1e1e40ea506e8", url = "https://github.com/evilmartians/lefthook/releases/download/v2.0.12/lefthook_2.0.12_MacOS_x86_64.gz"}
"platforms.windows-x64" = { checksum = "sha256:e5e002b6551694fedaf0e90d0464ae734dcf8f07f1fa79d036ee0421a0768729", url = "https://github.com/evilmartians/lefthook/releases/download/v2.0.12/lefthook_2.0.12_Windows_x86_64.gz"}
"platforms.windows-x64-baseline" = { checksum = "sha256:e5e002b6551694fedaf0e90d0464ae734dcf8f07f1fa79d036ee0421a0768729", url = "https://github.com/evilmartians/lefthook/releases/download/v2.0.12/lefthook_2.0.12_Windows_x86_64.gz"}

[[tools.lsd]]
version = "1.2.0"
backend = "cargo:lsd"

[[tools.node]]
version = "24.12.0"
backend = "core:node"
"platforms.linux-arm64" = { checksum = "sha256:9b2a2eeb98a8eb37361224e2a1d060300ad2dd143af58dfdb16de785df0f1228", url = "https://nodejs.org/dist/v24.12.0/node-v24.12.0-linux-arm64.tar.gz"}
"platforms.linux-arm64-musl" = { checksum = "sha256:9b2a2eeb98a8eb37361224e2a1d060300ad2dd143af58dfdb16de785df0f1228", url = "https://nodejs.org/dist/v24.12.0/node-v24.12.0-linux-arm64.tar.gz"}
"platforms.linux-x64" = { checksum = "sha256:6159227e0af7d7c3c6bb2fa900452b04a6cb8841a702a79acc613209d70b04d0", url = "https://nodejs.org/dist/v24.12.0/node-v24.12.0-linux-x64.tar.gz"}
"platforms.linux-x64-baseline" = { checksum = "sha256:6159227e0af7d7c3c6bb2fa900452b04a6cb8841a702a79acc613209d70b04d0", url = "https://nodejs.org/dist/v24.12.0/node-v24.12.0-linux-x64.tar.gz"}
"platforms.linux-x64-musl" = { checksum = "sha256:6159227e0af7d7c3c6bb2fa900452b04a6cb8841a702a79acc613209d70b04d0", url = "https://nodejs.org/dist/v24.12.0/node-v24.12.0-linux-x64.tar.gz"}
"platforms.linux-x64-musl-baseline" = { checksum = "sha256:6159227e0af7d7c3c6bb2fa900452b04a6cb8841a702a79acc613209d70b04d0", url = "https://nodejs.org/dist/v24.12.0/node-v24.12.0-linux-x64.tar.gz"}
"platforms.macos-arm64" = { checksum = "sha256:319f221adc5e44ff0ed57e8a441b2284f02b8dc6fc87b8eb92a6a93643fd8080", url = "https://nodejs.org/dist/v24.12.0/node-v24.12.0-darwin-arm64.tar.gz"}
"platforms.macos-x64" = { checksum = "sha256:b82ea4c62fd08e250cab59d625e75d77cc5b0a3d60c6698ebee4545c88a169c5", url = "https://nodejs.org/dist/v24.12.0/node-v24.12.0-darwin-x64.tar.gz"}
"platforms.macos-x64-baseline" = { checksum = "sha256:b82ea4c62fd08e250cab59d625e75d77cc5b0a3d60c6698ebee4545c88a169c5", url = "https://nodejs.org/dist/v24.12.0/node-v24.12.0-darwin-x64.tar.gz"}
"platforms.windows-x64" = { checksum = "sha256:9c125f61ae947b52e779095830f9cac267846a043ef7192183c84016aaad2812", url = "https://nodejs.org/dist/v24.12.0/node-v24.12.0-win-x64.zip"}
"platforms.windows-x64-baseline" = { checksum = "sha256:9c125f61ae947b52e779095830f9cac267846a043ef7192183c84016aaad2812", url = "https://nodejs.org/dist/v24.12.0/node-v24.12.0-win-x64.zip"}

[[tools.nvim]]
version = "0.11.5"
backend = "aqua:neovim/neovim"
"platforms.linux-arm64" = { checksum = "sha256:ea4f9a31b11cc1477ff014aebb7b207684e7280f94ffa97abdab6cacd9b98519", url = "https://github.com/neovim/neovim/releases/download/v0.11.5/nvim-linux-arm64.tar.gz"}
"platforms.linux-arm64-musl" = { checksum = "sha256:ea4f9a31b11cc1477ff014aebb7b207684e7280f94ffa97abdab6cacd9b98519", url = "https://github.com/neovim/neovim/releases/download/v0.11.5/nvim-linux-arm64.tar.gz"}
"platforms.linux-x64" = { checksum = "sha256:b2f91117be5b5ea39edd7297156dc2a4a8df4add6c95a90809a8df19e7ab6f52", url = "https://github.com/neovim/neovim/releases/download/v0.11.5/nvim-linux-x86_64.tar.gz"}
"platforms.linux-x64-baseline" = { checksum = "sha256:b2f91117be5b5ea39edd7297156dc2a4a8df4add6c95a90809a8df19e7ab6f52", url = "https://github.com/neovim/neovim/releases/download/v0.11.5/nvim-linux-x86_64.tar.gz"}
"platforms.linux-x64-musl" = { checksum = "sha256:b2f91117be5b5ea39edd7297156dc2a4a8df4add6c95a90809a8df19e7ab6f52", url = "https://github.com/neovim/neovim/releases/download/v0.11.5/nvim-linux-x86_64.tar.gz"}
"platforms.linux-x64-musl-baseline" = { checksum = "sha256:b2f91117be5b5ea39edd7297156dc2a4a8df4add6c95a90809a8df19e7ab6f52", url = "https://github.com/neovim/neovim/releases/download/v0.11.5/nvim-linux-x86_64.tar.gz"}
"platforms.macos-arm64" = { checksum = "sha256:79143d3b408f7034f90b7cf59af2276de09ef8a4c2f1a28e4c99581b249d3107", url = "https://github.com/neovim/neovim/releases/download/v0.11.5/nvim-macos-arm64.tar.gz"}
"platforms.macos-x64" = { checksum = "sha256:6612760a7037ca2518e456908baf5e43101fa79819d18979fc4d4e8441d9dfa5", url = "https://github.com/neovim/neovim/releases/download/v0.11.5/nvim-macos-x86_64.tar.gz"}
"platforms.macos-x64-baseline" = { checksum = "sha256:6612760a7037ca2518e456908baf5e43101fa79819d18979fc4d4e8441d9dfa5", url = "https://github.com/neovim/neovim/releases/download/v0.11.5/nvim-macos-x86_64.tar.gz"}
"platforms.windows-x64" = { checksum = "sha256:718e731326e7759cf17bbbb33f38975707a2ac85642614686b818ef5fde38f48", url = "https://github.com/neovim/neovim/releases/download/v0.11.5/nvim-win64.zip"}
"platforms.windows-x64-baseline" = { checksum = "sha256:718e731326e7759cf17bbbb33f38975707a2ac85642614686b818ef5fde38f48", url = "https://github.com/neovim/neovim/releases/download/v0.11.5/nvim-win64.zip"}

[[tools.pymupdf]]
version = "1.26.7"
backend = "pipx:pymupdf"

[[tools.python]]
version = "3.13.11"
backend = "core:python"

[[tools.ruff]]
version = "0.14.10"
backend = "pipx:ruff"

[[tools.rust]]
version = "1.92.0"
backend = "core:rust"

[[tools.sheldon]]
version = "0.8.5"
backend = "cargo:sheldon"

[[tools.starship]]
version = "1.24.1"
backend = "cargo:starship"
"platforms.linux-arm64" = { checksum = "sha256:a01ac37aa5993b78ecd6761c5ff4f805032b8ba566357ffbb2227980216f2216", url = "https://github.com/starship/starship/releases/download/v1.24.1/starship-aarch64-unknown-linux-musl.tar.gz"}
"platforms.linux-arm64-musl" = { checksum = "sha256:a01ac37aa5993b78ecd6761c5ff4f805032b8ba566357ffbb2227980216f2216", url = "https://github.com/starship/starship/releases/download/v1.24.1/starship-aarch64-unknown-linux-musl.tar.gz"}
"platforms.linux-x64" = { checksum = "sha256:44a729c34aea5b0451fba49108cdc5ef6b1ae68db65e7623cc244a52efcd23d1", url = "https://github.com/starship/starship/releases/download/v1.24.1/starship-x86_64-unknown-linux-musl.tar.gz"}
"platforms.linux-x64-baseline" = { checksum = "sha256:44a729c34aea5b0451fba49108cdc5ef6b1ae68db65e7623cc244a52efcd23d1", url = "https://github.com/starship/starship/releases/download/v1.24.1/starship-x86_64-unknown-linux-musl.tar.gz"}
"platforms.linux-x64-musl" = { checksum = "sha256:44a729c34aea5b0451fba49108cdc5ef6b1ae68db65e7623cc244a52efcd23d1", url = "https://github.com/starship/starship/releases/download/v1.24.1/starship-x86_64-unknown-linux-musl.tar.gz"}
"platforms.linux-x64-musl-baseline" = { checksum = "sha256:44a729c34aea5b0451fba49108cdc5ef6b1ae68db65e7623cc244a52efcd23d1", url = "https://github.com/starship/starship/releases/download/v1.24.1/starship-x86_64-unknown-linux-musl.tar.gz"}
"platforms.macos-arm64" = { checksum = "sha256:877e6b18d8f826167ca6b6f2ff00ebac2477fa1924c06b89befe524840ffc726", url = "https://github.com/starship/starship/releases/download/v1.24.1/starship-aarch64-apple-darwin.tar.gz"}
"platforms.macos-x64" = { checksum = "sha256:66625a719017f93ffd0f2071abb78295665c916329bb89dd6a09163cb395e3f1", url = "https://github.com/starship/starship/releases/download/v1.24.1/starship-x86_64-apple-darwin.tar.gz"}
"platforms.macos-x64-baseline" = { checksum = "sha256:66625a719017f93ffd0f2071abb78295665c916329bb89dd6a09163cb395e3f1", url = "https://github.com/starship/starship/releases/download/v1.24.1/starship-x86_64-apple-darwin.tar.gz"}
"platforms.windows-x64" = { checksum = "sha256:3d0ed9a2efc07fca7560d22ac622473d0b7317cda6a792842f625cb9fe58c7bc", url = "https://github.com/starship/starship/releases/download/v1.24.1/starship-x86_64-pc-windows-msvc.zip"}
"platforms.windows-x64-baseline" = { checksum = "sha256:3d0ed9a2efc07fca7560d22ac622473d0b7317cda6a792842f625cb9fe58c7bc", url = "https://github.com/starship/starship/releases/download/v1.24.1/starship-x86_64-pc-windows-msvc.zip"}

[[tools.ty]]
version = "0.0.5"
backend = "pipx:ty"

[[tools.usage]]
version = "2.9.0"
backend = "aqua:jdx/usage"
"platforms.linux-arm64" = { checksum = "sha256:c4d47dad7271bedd45e643fdf07bfd5b8b409e053d29ea25646010ce2d185d64", url = "https://github.com/jdx/usage/releases/download/v2.9.0/usage-aarch64-unknown-linux-musl.tar.gz"}
"platforms.linux-arm64-musl" = { checksum = "sha256:c4d47dad7271bedd45e643fdf07bfd5b8b409e053d29ea25646010ce2d185d64", url = "https://github.com/jdx/usage/releases/download/v2.9.0/usage-aarch64-unknown-linux-musl.tar.gz"}
"platforms.linux-x64" = { checksum = "sha256:186ac8aaeebd5cae856ac048c4da8aa20f4e81debe065a03db5082439647b8f9", url = "https://github.com/jdx/usage/releases/download/v2.9.0/usage-x86_64-unknown-linux-musl.tar.gz"}
"platforms.linux-x64-baseline" = { checksum = "sha256:186ac8aaeebd5cae856ac048c4da8aa20f4e81debe065a03db5082439647b8f9", url = "https://github.com/jdx/usage/releases/download/v2.9.0/usage-x86_64-unknown-linux-musl.tar.gz"}
"platforms.linux-x64-musl" = { checksum = "sha256:186ac8aaeebd5cae856ac048c4da8aa20f4e81debe065a03db5082439647b8f9", url = "https://github.com/jdx/usage/releases/download/v2.9.0/usage-x86_64-unknown-linux-musl.tar.gz"}
"platforms.linux-x64-musl-baseline" = { checksum = "sha256:186ac8aaeebd5cae856ac048c4da8aa20f4e81debe065a03db5082439647b8f9", url = "https://github.com/jdx/usage/releases/download/v2.9.0/usage-x86_64-unknown-linux-musl.tar.gz"}
"platforms.macos-arm64" = { checksum = "sha256:f91655abac0efdc56d608d2a846671f31dcc00a5304d64f99a095b0449bb7076", url = "https://github.com/jdx/usage/releases/download/v2.9.0/usage-universal-apple-darwin.tar.gz"}
"platforms.macos-x64" = { checksum = "sha256:f91655abac0efdc56d608d2a846671f31dcc00a5304d64f99a095b0449bb7076", url = "https://github.com/jdx/usage/releases/download/v2.9.0/usage-universal-apple-darwin.tar.gz"}
"platforms.macos-x64-baseline" = { checksum = "sha256:f91655abac0efdc56d608d2a846671f31dcc00a5304d64f99a095b0449bb7076", url = "https://github.com/jdx/usage/releases/download/v2.9.0/usage-universal-apple-darwin.tar.gz"}

[[tools.uv]]
version = "0.9.18"
backend = "aqua:astral-sh/uv"

[[tools.zotero-mcp]]
version = "0.1.6"
backend = "pipx:zotero-mcp"
